// !$*UTF8*$!
{
	archiveVersion = 1;
	classes = {
	};
	objectVersion = 51;
	objects = {

/* Begin PBXBuildFile section */
		3DA55BA52516DA72008417D1 /* Phyte.storyboard in Resources */ = {isa = PBXBuildFile; fileRef = 3DA55BA42516DA72008417D1 /* Phyte.storyboard */; };
		3DA55BA7251703D7008417D1 /* GoogleService-Info.plist in Resources */ = {isa = PBXBuildFile; fileRef = 3DA55BA6251703D7008417D1 /* GoogleService-Info.plist */; };
		3DD9697725168FEE0082586F /* AppDelegate.swift in Sources */ = {isa = PBXBuildFile; fileRef = 3DD9697625168FEE0082586F /* AppDelegate.swift */; };
		3DD9697925168FEE0082586F /* SceneDelegate.swift in Sources */ = {isa = PBXBuildFile; fileRef = 3DD9697825168FEE0082586F /* SceneDelegate.swift */; };
		3DD9697B25168FEE0082586F /* ViewController.swift in Sources */ = {isa = PBXBuildFile; fileRef = 3DD9697A25168FEE0082586F /* ViewController.swift */; };
		3DD9697E25168FEE0082586F /* Main.storyboard in Resources */ = {isa = PBXBuildFile; fileRef = 3DD9697C25168FEE0082586F /* Main.storyboard */; };
		3DD9698025168FF40082586F /* Assets.xcassets in Resources */ = {isa = PBXBuildFile; fileRef = 3DD9697F25168FF40082586F /* Assets.xcassets */; };
		3DD9698325168FF40082586F /* LaunchScreen.storyboard in Resources */ = {isa = PBXBuildFile; fileRef = 3DD9698125168FF40082586F /* LaunchScreen.storyboard */; };
		8531B4639F210986C1776BE0 /* Pods_Phyte.framework in Frameworks */ = {isa = PBXBuildFile; fileRef = 709763A6B9DE20D2912C709D /* Pods_Phyte.framework */; };
/* End PBXBuildFile section */

/* Begin PBXFileReference section */
		1CD4B28F66B996D84F14D745 /* Pods-Phyte.release.xcconfig */ = {isa = PBXFileReference; includeInIndex = 1; lastKnownFileType = text.xcconfig; name = "Pods-Phyte.release.xcconfig"; path = "Target Support Files/Pods-Phyte/Pods-Phyte.release.xcconfig"; sourceTree = "<group>"; };
		3DA55BA42516DA72008417D1 /* Phyte.storyboard */ = {isa = PBXFileReference; lastKnownFileType = file.storyboard; path = Phyte.storyboard; sourceTree = "<group>"; };
		3DA55BA6251703D7008417D1 /* GoogleService-Info.plist */ = {isa = PBXFileReference; fileEncoding = 4; lastKnownFileType = text.plist.xml; name = "GoogleService-Info.plist"; path = "../../../Downloads/GoogleService-Info.plist"; sourceTree = "<group>"; };
		3DD9697325168FEE0082586F /* Phyte.app */ = {isa = PBXFileReference; explicitFileType = wrapper.application; includeInIndex = 0; path = Phyte.app; sourceTree = BUILT_PRODUCTS_DIR; };
		3DD9697625168FEE0082586F /* AppDelegate.swift */ = {isa = PBXFileReference; lastKnownFileType = sourcecode.swift; path = AppDelegate.swift; sourceTree = "<group>"; };
		3DD9697825168FEE0082586F /* SceneDelegate.swift */ = {isa = PBXFileReference; lastKnownFileType = sourcecode.swift; path = SceneDelegate.swift; sourceTree = "<group>"; };
		3DD9697A25168FEE0082586F /* ViewController.swift */ = {isa = PBXFileReference; lastKnownFileType = sourcecode.swift; path = ViewController.swift; sourceTree = "<group>"; };
		3DD9697D25168FEE0082586F /* Base */ = {isa = PBXFileReference; lastKnownFileType = file.storyboard; name = Base; path = Base.lproj/Main.storyboard; sourceTree = "<group>"; };
		3DD9697F25168FF40082586F /* Assets.xcassets */ = {isa = PBXFileReference; lastKnownFileType = folder.assetcatalog; path = Assets.xcassets; sourceTree = "<group>"; };
		3DD9698225168FF40082586F /* Base */ = {isa = PBXFileReference; lastKnownFileType = file.storyboard; name = Base; path = Base.lproj/LaunchScreen.storyboard; sourceTree = "<group>"; };
		3DD9698425168FF40082586F /* Info.plist */ = {isa = PBXFileReference; lastKnownFileType = text.plist.xml; path = Info.plist; sourceTree = "<group>"; };
		5BCD17F95953C9B4C532C4AF /* Pods-Phyte.debug.xcconfig */ = {isa = PBXFileReference; includeInIndex = 1; lastKnownFileType = text.xcconfig; name = "Pods-Phyte.debug.xcconfig"; path = "Target Support Files/Pods-Phyte/Pods-Phyte.debug.xcconfig"; sourceTree = "<group>"; };
		709763A6B9DE20D2912C709D /* Pods_Phyte.framework */ = {isa = PBXFileReference; explicitFileType = wrapper.framework; includeInIndex = 0; path = Pods_Phyte.framework; sourceTree = BUILT_PRODUCTS_DIR; };
/* End PBXFileReference section */

/* Begin PBXFrameworksBuildPhase section */
		3DD9697025168FED0082586F /* Frameworks */ = {
			isa = PBXFrameworksBuildPhase;
			buildActionMask = 2147483647;
			files = (
				8531B4639F210986C1776BE0 /* Pods_Phyte.framework in Frameworks */,
			);
			runOnlyForDeploymentPostprocessing = 0;
		};
/* End PBXFrameworksBuildPhase section */

/* Begin PBXGroup section */
		12EA0BF06EEE486674AB69D1 /* Frameworks */ = {
			isa = PBXGroup;
			children = (
				709763A6B9DE20D2912C709D /* Pods_Phyte.framework */,
			);
			name = Frameworks;
			sourceTree = "<group>";
		};
		3DD9696A25168FED0082586F = {
			isa = PBXGroup;
			children = (
				3DD9697525168FEE0082586F /* Phyte */,
				3DD9697425168FEE0082586F /* Products */,
				B0487F3EECF373C172A48A05 /* Pods */,
				12EA0BF06EEE486674AB69D1 /* Frameworks */,
			);
			sourceTree = "<group>";
		};
		3DD9697425168FEE0082586F /* Products */ = {
			isa = PBXGroup;
			children = (
				3DD9697325168FEE0082586F /* Phyte.app */,
			);
			name = Products;
			sourceTree = "<group>";
		};
		3DD9697525168FEE0082586F /* Phyte */ = {
			isa = PBXGroup;
			children = (
				3DD9697625168FEE0082586F /* AppDelegate.swift */,
				3DD9697825168FEE0082586F /* SceneDelegate.swift */,
				3DD9697A25168FEE0082586F /* ViewController.swift */,
				3DD9697C25168FEE0082586F /* Main.storyboard */,
				3DA55BA42516DA72008417D1 /* Phyte.storyboard */,
				3DD9697F25168FF40082586F /* Assets.xcassets */,
				3DD9698125168FF40082586F /* LaunchScreen.storyboard */,
				3DD9698425168FF40082586F /* Info.plist */,
				3DA55BA6251703D7008417D1 /* GoogleService-Info.plist */,
			);
			path = Phyte;
			sourceTree = "<group>";
		};
		B0487F3EECF373C172A48A05 /* Pods */ = {
			isa = PBXGroup;
			children = (
				5BCD17F95953C9B4C532C4AF /* Pods-Phyte.debug.xcconfig */,
				1CD4B28F66B996D84F14D745 /* Pods-Phyte.release.xcconfig */,
			);
			path = Pods;
			sourceTree = "<group>";
		};
/* End PBXGroup section */

/* Begin PBXNativeTarget section */
		3DD9697225168FED0082586F /* Phyte */ = {
			isa = PBXNativeTarget;
			buildConfigurationList = 3DD9698725168FF40082586F /* Build configuration list for PBXNativeTarget "Phyte" */;
			buildPhases = (
				C9D7655214452116DAB2B922 /* [CP] Check Pods Manifest.lock */,
				3DD9696F25168FED0082586F /* Sources */,
				3DD9697025168FED0082586F /* Frameworks */,
				3DD9697125168FED0082586F /* Resources */,
				E84DB2AD530740016D38AA37 /* [CP] Embed Pods Frameworks */,
			);
			buildRules = (
			);
			dependencies = (
			);
			name = Phyte;
			productName = Phyte;
			productReference = 3DD9697325168FEE0082586F /* Phyte.app */;
			productType = "com.apple.product-type.application";
		};
/* End PBXNativeTarget section */

/* Begin PBXProject section */
		3DD9696B25168FED0082586F /* Project object */ = {
			isa = PBXProject;
			attributes = {
				LastSwiftUpdateCheck = 1170;
				LastUpgradeCheck = 1170;
				ORGANIZATIONNAME = HackMIT;
				TargetAttributes = {
					3DD9697225168FED0082586F = {
						CreatedOnToolsVersion = 11.7;
					};
				};
			};
			buildConfigurationList = 3DD9696E25168FED0082586F /* Build configuration list for PBXProject "Phyte" */;
			compatibilityVersion = "Xcode 9.3";
			developmentRegion = en;
			hasScannedForEncodings = 0;
			knownRegions = (
				en,
				Base,
			);
			mainGroup = 3DD9696A25168FED0082586F;
			productRefGroup = 3DD9697425168FEE0082586F /* Products */;
			projectDirPath = "";
			projectRoot = "";
			targets = (
				3DD9697225168FED0082586F /* Phyte */,
			);
		};
/* End PBXProject section */

/* Begin PBXResourcesBuildPhase section */
		3DD9697125168FED0082586F /* Resources */ = {
			isa = PBXResourcesBuildPhase;
			buildActionMask = 2147483647;
			files = (
				3DD9698325168FF40082586F /* LaunchScreen.storyboard in Resources */,
				3DA55BA52516DA72008417D1 /* Phyte.storyboard in Resources */,
				3DA55BA7251703D7008417D1 /* GoogleService-Info.plist in Resources */,
				3DD9698025168FF40082586F /* Assets.xcassets in Resources */,
				3DD9697E25168FEE0082586F /* Main.storyboard in Resources */,
			);
			runOnlyForDeploymentPostprocessing = 0;
		};
/* End PBXResourcesBuildPhase section */

/* Begin PBXShellScriptBuildPhase section */
		C9D7655214452116DAB2B922 /* [CP] Check Pods Manifest.lock */ = {
			isa = PBXShellScriptBuildPhase;
			buildActionMask = 2147483647;
			files = (
			);
			inputFileListPaths = (
			);
			inputPaths = (
				"${PODS_PODFILE_DIR_PATH}/Podfile.lock",
				"${PODS_ROOT}/Manifest.lock",
			);
			name = "[CP] Check Pods Manifest.lock";
			outputFileListPaths = (
			);
			outputPaths = (
				"$(DERIVED_FILE_DIR)/Pods-Phyte-checkManifestLockResult.txt",
			);
			runOnlyForDeploymentPostprocessing = 0;
			shellPath = /bin/sh;
			shellScript = "diff \"${PODS_PODFILE_DIR_PATH}/Podfile.lock\" \"${PODS_ROOT}/Manifest.lock\" > /dev/null\nif [ $? != 0 ] ; then\n    # print error to STDERR\n    echo \"error: The sandbox is not in sync with the Podfile.lock. Run 'pod install' or update your CocoaPods installation.\" >&2\n    exit 1\nfi\n# This output is used by Xcode 'outputs' to avoid re-running this script phase.\necho \"SUCCESS\" > \"${SCRIPT_OUTPUT_FILE_0}\"\n";
			showEnvVarsInLog = 0;
		};
		E84DB2AD530740016D38AA37 /* [CP] Embed Pods Frameworks */ = {
			isa = PBXShellScriptBuildPhase;
			buildActionMask = 2147483647;
			files = (
			);
			inputFileListPaths = (
				"${PODS_ROOT}/Target Support Files/Pods-Phyte/Pods-Phyte-frameworks-${CONFIGURATION}-input-files.xcfilelist",
			);
			name = "[CP] Embed Pods Frameworks";
			outputFileListPaths = (
				"${PODS_ROOT}/Target Support Files/Pods-Phyte/Pods-Phyte-frameworks-${CONFIGURATION}-output-files.xcfilelist",
			);
			runOnlyForDeploymentPostprocessing = 0;
			shellPath = /bin/sh;
			shellScript = "\"${PODS_ROOT}/Target Support Files/Pods-Phyte/Pods-Phyte-frameworks.sh\"\n";
			showEnvVarsInLog = 0;
		};
/* End PBXShellScriptBuildPhase section */

/* Begin PBXSourcesBuildPhase section */
		3DD9696F25168FED0082586F /* Sources */ = {
			isa = PBXSourcesBuildPhase;
			buildActionMask = 2147483647;
			files = (
				3DD9697B25168FEE0082586F /* ViewController.swift in Sources */,
				3DD9697725168FEE0082586F /* AppDelegate.swift in Sources */,
				3DD9697925168FEE0082586F /* SceneDelegate.swift in Sources */,
			);
			runOnlyForDeploymentPostprocessing = 0;
		};
/* End PBXSourcesBuildPhase section */

/* Begin PBXVariantGroup section */
		3DD9697C25168FEE0082586F /* Main.storyboard */ = {
			isa = PBXVariantGroup;
			children = (
				3DD9697D25168FEE0082586F /* Base */,
			);
			name = Main.storyboard;
			sourceTree = "<group>";
		};
		3DD9698125168FF40082586F /* LaunchScreen.storyboard */ = {
			isa = PBXVariantGroup;
			children = (
				3DD9698225168FF40082586F /* Base */,
			);
			name = LaunchScreen.storyboard;
			sourceTree = "<group>";
		};
/* End PBXVariantGroup section */

/* Begin XCBuildConfiguration section */
		3DD9698525168FF40082586F /* Debug */ = {
			isa = XCBuildConfiguration;
			buildSettings = {
				ALWAYS_SEARCH_USER_PATHS = NO;
				CLANG_ANALYZER_NONNULL = YES;
				CLANG_ANALYZER_NUMBER_OBJECT_CONVERSION = YES_AGGRESSIVE;
				CLANG_CXX_LANGUAGE_STANDARD = "gnu++14";
				CLANG_CXX_LIBRARY = "libc++";
				CLANG_ENABLE_MODULES = YES;
				CLANG_ENABLE_OBJC_ARC = YES;
				CLANG_ENABLE_OBJC_WEAK = YES;
				CLANG_WARN_BLOCK_CAPTURE_AUTORELEASING = YES;
				CLANG_WARN_BOOL_CONVERSION = YES;
				CLANG_WARN_COMMA = YES;
				CLANG_WARN_CONSTANT_CONVERSION = YES;
				CLANG_WARN_DEPRECATED_OBJC_IMPLEMENTATIONS = YES;
				CLANG_WARN_DIRECT_OBJC_ISA_USAGE = YES_ERROR;
				CLANG_WARN_DOCUMENTATION_COMMENTS = YES;
				CLANG_WARN_EMPTY_BODY = YES;
				CLANG_WARN_ENUM_CONVERSION = YES;
				CLANG_WARN_INFINITE_RECURSION = YES;
				CLANG_WARN_INT_CONVERSION = YES;
				CLANG_WARN_NON_LITERAL_NULL_CONVERSION = YES;
				CLANG_WARN_OBJC_IMPLICIT_RETAIN_SELF = YES;
				CLANG_WARN_OBJC_LITERAL_CONVERSION = YES;
				CLANG_WARN_OBJC_ROOT_CLASS = YES_ERROR;
				CLANG_WARN_RANGE_LOOP_ANALYSIS = YES;
				CLANG_WARN_STRICT_PROTOTYPES = YES;
				CLANG_WARN_SUSPICIOUS_MOVE = YES;
				CLANG_WARN_UNGUARDED_AVAILABILITY = YES_AGGRESSIVE;
				CLANG_WARN_UNREACHABLE_CODE = YES;
				CLANG_WARN__DUPLICATE_METHOD_MATCH = YES;
				COPY_PHASE_STRIP = NO;
				DEBUG_INFORMATION_FORMAT = dwarf;
				ENABLE_STRICT_OBJC_MSGSEND = YES;
				ENABLE_TESTABILITY = YES;
				GCC_C_LANGUAGE_STANDARD = gnu11;
				GCC_DYNAMIC_NO_PIC = NO;
				GCC_NO_COMMON_BLOCKS = YES;
				GCC_OPTIMIZATION_LEVEL = 0;
				GCC_PREPROCESSOR_DEFINITIONS = (
					"DEBUG=1",
					"$(inherited)",
				);
				GCC_WARN_64_TO_32_BIT_CONVERSION = YES;
				GCC_WARN_ABOUT_RETURN_TYPE = YES_ERROR;
				GCC_WARN_UNDECLARED_SELECTOR = YES;
				GCC_WARN_UNINITIALIZED_AUTOS = YES_AGGRESSIVE;
				GCC_WARN_UNUSED_FUNCTION = YES;
				GCC_WARN_UNUSED_VARIABLE = YES;
				IPHONEOS_DEPLOYMENT_TARGET = 13.7;
				MTL_ENABLE_DEBUG_INFO = INCLUDE_SOURCE;
				MTL_FAST_MATH = YES;
				ONLY_ACTIVE_ARCH = YES;
				SDKROOT = iphoneos;
				SWIFT_ACTIVE_COMPILATION_CONDITIONS = DEBUG;
				SWIFT_OPTIMIZATION_LEVEL = "-Onone";
			};
			name = Debug;
		};
		3DD9698625168FF40082586F /* Release */ = {
			isa = XCBuildConfiguration;
			buildSettings = {
				ALWAYS_SEARCH_USER_PATHS = NO;
				CLANG_ANALYZER_NONNULL = YES;
				CLANG_ANALYZER_NUMBER_OBJECT_CONVERSION = YES_AGGRESSIVE;
				CLANG_CXX_LANGUAGE_STANDARD = "gnu++14";
				CLANG_CXX_LIBRARY = "libc++";
				CLANG_ENABLE_MODULES = YES;
				CLANG_ENABLE_OBJC_ARC = YES;
				CLANG_ENABLE_OBJC_WEAK = YES;
				CLANG_WARN_BLOCK_CAPTURE_AUTORELEASING = YES;
				CLANG_WARN_BOOL_CONVERSION = YES;
				CLANG_WARN_COMMA = YES;
				CLANG_WARN_CONSTANT_CONVERSION = YES;
				CLANG_WARN_DEPRECATED_OBJC_IMPLEMENTATIONS = YES;
				CLANG_WARN_DIRECT_OBJC_ISA_USAGE = YES_ERROR;
				CLANG_WARN_DOCUMENTATION_COMMENTS = YES;
				CLANG_WARN_EMPTY_BODY = YES;
				CLANG_WARN_ENUM_CONVERSION = YES;
				CLANG_WARN_INFINITE_RECURSION = YES;
				CLANG_WARN_INT_CONVERSION = YES;
				CLANG_WARN_NON_LITERAL_NULL_CONVERSION = YES;
				CLANG_WARN_OBJC_IMPLICIT_RETAIN_SELF = YES;
				CLANG_WARN_OBJC_LITERAL_CONVERSION = YES;
				CLANG_WARN_OBJC_ROOT_CLASS = YES_ERROR;
				CLANG_WARN_RANGE_LOOP_ANALYSIS = YES;
				CLANG_WARN_STRICT_PROTOTYPES = YES;
				CLANG_WARN_SUSPICIOUS_MOVE = YES;
				CLANG_WARN_UNGUARDED_AVAILABILITY = YES_AGGRESSIVE;
				CLANG_WARN_UNREACHABLE_CODE = YES;
				CLANG_WARN__DUPLICATE_METHOD_MATCH = YES;
				COPY_PHASE_STRIP = NO;
				DEBUG_INFORMATION_FORMAT = "dwarf-with-dsym";
				ENABLE_NS_ASSERTIONS = NO;
				ENABLE_STRICT_OBJC_MSGSEND = YES;
				GCC_C_LANGUAGE_STANDARD = gnu11;
				GCC_NO_COMMON_BLOCKS = YES;
				GCC_WARN_64_TO_32_BIT_CONVERSION = YES;
				GCC_WARN_ABOUT_RETURN_TYPE = YES_ERROR;
				GCC_WARN_UNDECLARED_SELECTOR = YES;
				GCC_WARN_UNINITIALIZED_AUTOS = YES_AGGRESSIVE;
				GCC_WARN_UNUSED_FUNCTION = YES;
				GCC_WARN_UNUSED_VARIABLE = YES;
				IPHONEOS_DEPLOYMENT_TARGET = 13.7;
				MTL_ENABLE_DEBUG_INFO = NO;
				MTL_FAST_MATH = YES;
				SDKROOT = iphoneos;
				SWIFT_COMPILATION_MODE = wholemodule;
				SWIFT_OPTIMIZATION_LEVEL = "-O";
				VALIDATE_PRODUCT = YES;
			};
			name = Release;
		};
		3DD9698825168FF40082586F /* Debug */ = {
			isa = XCBuildConfiguration;
			baseConfigurationReference = 5BCD17F95953C9B4C532C4AF /* Pods-Phyte.debug.xcconfig */;
			buildSettings = {
				ASSETCATALOG_COMPILER_APPICON_NAME = AppIcon;
				CODE_SIGN_STYLE = Automatic;
				DEVELOPMENT_TEAM = T72YTY4WWA;
				INFOPLIST_FILE = Phyte/Info.plist;
				LD_RUNPATH_SEARCH_PATHS = (
					"$(inherited)",
					"@executable_path/Frameworks",
				);
				PRODUCT_BUNDLE_IDENTIFIER = com.trinitysazo.Phyte;
				PRODUCT_NAME = "$(TARGET_NAME)";
				SWIFT_VERSION = 5.0;
				TARGETED_DEVICE_FAMILY = "1,2";
			};
			name = Debug;
		};
		3DD9698925168FF40082586F /* Release */ = {
			isa = XCBuildConfiguration;
			baseConfigurationReference = 1CD4B28F66B996D84F14D745 /* Pods-Phyte.release.xcconfig */;
			buildSettings = {
				ASSETCATALOG_COMPILER_APPICON_NAME = AppIcon;
				CODE_SIGN_STYLE = Automatic;
				DEVELOPMENT_TEAM = T72YTY4WWA;
				INFOPLIST_FILE = Phyte/Info.plist;
				LD_RUNPATH_SEARCH_PATHS = (
					"$(inherited)",
					"@executable_path/Frameworks",
				);
				PRODUCT_BUNDLE_IDENTIFIER = com.trinitysazo.Phyte;
				PRODUCT_NAME = "$(TARGET_NAME)";
				SWIFT_VERSION = 5.0;
				TARGETED_DEVICE_FAMILY = "1,2";
			};
			name = Release;
		};
/* End XCBuildConfiguration section */

/* Begin XCConfigurationList section */
		3DD9696E25168FED0082586F /* Build configuration list for PBXProject "Phyte" */ = {
			isa = XCConfigurationList;
			buildConfigurations = (
				3DD9698525168FF40082586F /* Debug */,
				3DD9698625168FF40082586F /* Release */,
			);
			defaultConfigurationIsVisible = 0;
			defaultConfigurationName = Release;
		};
		3DD9698725168FF40082586F /* Build configuration list for PBXNativeTarget "Phyte" */ = {
			isa = XCConfigurationList;
			buildConfigurations = (
				3DD9698825168FF40082586F /* Debug */,
				3DD9698925168FF40082586F /* Release */,
			);
			defaultConfigurationIsVisible = 0;
			defaultConfigurationName = Release;
		};
/* End XCConfigurationList section */
	};
	rootObject = 3DD9696B25168FED0082586F /* Project object */;
}
